
Microsoft Visual Studio Solution File, Format Version 12.00
# Visual Studio 15
VisualStudioVersion = 15.0.28010.2026
MinimumVisualStudioVersion = 10.0.40219.1
Project("{FAE04EC0-301F-11D3-BF4B-00C04F79EFBC}") = "JSONExample", "JSONExample\JSONExample.csproj", "{C0DA07C4-7838-4BC2-AF27-25FABC61618A}"
EndProject
Global
	GlobalSection(SolutionConfigurationPlatforms) = preSolution
		Debug|Any CPU = Debug|Any CPU
		Release|Any CPU = Release|Any CPU
	EndGlobalSection
	GlobalSection(ProjectConfigurationPlatforms) = postSolution
		{C0DA07C4-7838-4BC2-AF27-25FABC61618A}.Debug|Any CPU.ActiveCfg = Debug|Any CPU
		{C0DA07C4-7838-4BC2-AF27-25FABC61618A}.Debug|Any CPU.Build.0 = Debug|Any CPU
		{C0DA07C4-7838-4BC2-AF27-25FABC61618A}.Release|Any CPU.ActiveCfg = Release|Any CPU
		{C0DA07C4-7838-4BC2-AF27-25FABC61618A}.Release|Any CPU.Build.0 = Release|Any CPU
	EndGlobalSection
	GlobalSection(SolutionProperties) = preSolution
		HideSolutionNode = FALSE
	EndGlobalSection
	GlobalSection(ExtensibilityGlobals) = postSolution
		SolutionGuid = {95204BBD-65A1-4506-B44B-06781E1CF305}
	EndGlobalSection
EndGlobal
